
Microsoft Visual Studio Solution File, Format Version 12.00
# Visual Studio 14
VisualStudioVersion = 14.0.25420.1
MinimumVisualStudioVersion = 10.0.40219.1
Project("{FAE04EC0-301F-11D3-BF4B-00C04F79EFBC}") = "Common", "Common\Common.csproj", "{84140258-AD90-4FC1-BE1A-03442FAB18D6}"
EndProject
Project("{FAE04EC0-301F-11D3-BF4B-00C04F79EFBC}") = "Common.Server", "Common.Server\Common.Server.csproj", "{C801877E-AA35-4711-9411-C1E672267735}"
EndProject
Project("{FAE04EC0-301F-11D3-BF4B-00C04F79EFBC}") = "Common.Server.EF", "Common.Server.EF\Common.Server.EF.csproj", "{84EE74D0-55F4-4773-B0DB-98977AC94EB0}"
EndProject
Project("{FAE04EC0-301F-11D3-BF4B-00C04F79EFBC}") = "Common.Server.OpenXml", "Common.Server.OpenXml\Common.Server.OpenXml.csproj", "{724DBD80-8C4E-45C2-AE9F-4D1A773511DF}"
EndProject
Project("{FAE04EC0-301F-11D3-BF4B-00C04F79EFBC}") = "Common.ServerTests", "Common.ServerTests\Common.ServerTests.csproj", "{039D979E-5BF2-4178-A5CA-2C54166F29D7}"
EndProject
Project("{FAE04EC0-301F-11D3-BF4B-00C04F79EFBC}") = "CommonTests", "CommonTests\CommonTests.csproj", "{FB062169-7189-4EEA-AA88-D93347830F22}"
EndProject
Project("{FAE04EC0-301F-11D3-BF4B-00C04F79EFBC}") = "Common.SharePoint", "Common.SharePoint\Common.SharePoint.csproj", "{9BE51A81-BFA1-49AD-B6B9-0AA08238062F}"
EndProject
Project("{FAE04EC0-301F-11D3-BF4B-00C04F79EFBC}") = "Common.Windows", "Common.Windows\Common.Windows.csproj", "{0AA3F43E-3EE4-4774-8B0E-E9DEBFB9978D}"
EndProject
Global
	GlobalSection(SolutionConfigurationPlatforms) = preSolution
		Debug|Any CPU = Debug|Any CPU
		Release|Any CPU = Release|Any CPU
	EndGlobalSection
	GlobalSection(ProjectConfigurationPlatforms) = postSolution
		{84140258-AD90-4FC1-BE1A-03442FAB18D6}.Debug|Any CPU.ActiveCfg = Debug|Any CPU
		{84140258-AD90-4FC1-BE1A-03442FAB18D6}.Debug|Any CPU.Build.0 = Debug|Any CPU
		{84140258-AD90-4FC1-BE1A-03442FAB18D6}.Release|Any CPU.ActiveCfg = Release|Any CPU
		{84140258-AD90-4FC1-BE1A-03442FAB18D6}.Release|Any CPU.Build.0 = Release|Any CPU
		{C801877E-AA35-4711-9411-C1E672267735}.Debug|Any CPU.ActiveCfg = Debug|Any CPU
		{C801877E-AA35-4711-9411-C1E672267735}.Debug|Any CPU.Build.0 = Debug|Any CPU
		{C801877E-AA35-4711-9411-C1E672267735}.Release|Any CPU.ActiveCfg = Release|Any CPU
		{C801877E-AA35-4711-9411-C1E672267735}.Release|Any CPU.Build.0 = Release|Any CPU
		{84EE74D0-55F4-4773-B0DB-98977AC94EB0}.Debug|Any CPU.ActiveCfg = Debug|Any CPU
		{84EE74D0-55F4-4773-B0DB-98977AC94EB0}.Debug|Any CPU.Build.0 = Debug|Any CPU
		{84EE74D0-55F4-4773-B0DB-98977AC94EB0}.Release|Any CPU.ActiveCfg = Release|Any CPU
		{84EE74D0-55F4-4773-B0DB-98977AC94EB0}.Release|Any CPU.Build.0 = Release|Any CPU
		{724DBD80-8C4E-45C2-AE9F-4D1A773511DF}.Debug|Any CPU.ActiveCfg = Debug|Any CPU
		{724DBD80-8C4E-45C2-AE9F-4D1A773511DF}.Debug|Any CPU.Build.0 = Debug|Any CPU
		{724DBD80-8C4E-45C2-AE9F-4D1A773511DF}.Release|Any CPU.ActiveCfg = Release|Any CPU
		{724DBD80-8C4E-45C2-AE9F-4D1A773511DF}.Release|Any CPU.Build.0 = Release|Any CPU
		{039D979E-5BF2-4178-A5CA-2C54166F29D7}.Debug|Any CPU.ActiveCfg = Debug|Any CPU
		{039D979E-5BF2-4178-A5CA-2C54166F29D7}.Debug|Any CPU.Build.0 = Debug|Any CPU
		{039D979E-5BF2-4178-A5CA-2C54166F29D7}.Release|Any CPU.ActiveCfg = Release|Any CPU
		{039D979E-5BF2-4178-A5CA-2C54166F29D7}.Release|Any CPU.Build.0 = Release|Any CPU
		{FB062169-7189-4EEA-AA88-D93347830F22}.Debug|Any CPU.ActiveCfg = Debug|Any CPU
		{FB062169-7189-4EEA-AA88-D93347830F22}.Debug|Any CPU.Build.0 = Debug|Any CPU
		{FB062169-7189-4EEA-AA88-D93347830F22}.Release|Any CPU.ActiveCfg = Release|Any CPU
		{FB062169-7189-4EEA-AA88-D93347830F22}.Release|Any CPU.Build.0 = Release|Any CPU
		{9BE51A81-BFA1-49AD-B6B9-0AA08238062F}.Debug|Any CPU.ActiveCfg = Debug|Any CPU
		{9BE51A81-BFA1-49AD-B6B9-0AA08238062F}.Debug|Any CPU.Build.0 = Debug|Any CPU
		{9BE51A81-BFA1-49AD-B6B9-0AA08238062F}.Release|Any CPU.ActiveCfg = Release|Any CPU
		{9BE51A81-BFA1-49AD-B6B9-0AA08238062F}.Release|Any CPU.Build.0 = Release|Any CPU
		{0AA3F43E-3EE4-4774-8B0E-E9DEBFB9978D}.Debug|Any CPU.ActiveCfg = Debug|Any CPU
		{0AA3F43E-3EE4-4774-8B0E-E9DEBFB9978D}.Debug|Any CPU.Build.0 = Debug|Any CPU
		{0AA3F43E-3EE4-4774-8B0E-E9DEBFB9978D}.Release|Any CPU.ActiveCfg = Release|Any CPU
		{0AA3F43E-3EE4-4774-8B0E-E9DEBFB9978D}.Release|Any CPU.Build.0 = Release|Any CPU
	EndGlobalSection
	GlobalSection(SolutionProperties) = preSolution
		HideSolutionNode = FALSE
	EndGlobalSection
	GlobalSection(ExtensibilityGlobals) = postSolution
		EnterpriseLibraryConfigurationToolBinariesPathV6 = packages\EnterpriseLibrary.Common.6.0.1304.0\lib\NET45;packages\EnterpriseLibrary.Logging.6.0.1304.0\lib\NET45
	EndGlobalSection
EndGlobal
